// !$*UTF8*$!
{
	archiveVersion = 1;
	classes = {
	};
	objectVersion = 56;
	objects = {

/* Begin PBXBuildFile section */
		4C9609C02BA7213D00BA3CEE /* AppDelegate.swift in Sources */ = {isa = PBXBuildFile; fileRef = 4C9609BF2BA7213D00BA3CEE /* AppDelegate.swift */; };
		4C9609C22BA7213D00BA3CEE /* SceneDelegate.swift in Sources */ = {isa = PBXBuildFile; fileRef = 4C9609C12BA7213D00BA3CEE /* SceneDelegate.swift */; };
		4C9609C42BA7213D00BA3CEE /* ProfileViewController.swift in Sources */ = {isa = PBXBuildFile; fileRef = 4C9609C32BA7213D00BA3CEE /* ProfileViewController.swift */; };
		4C9609C72BA7213D00BA3CEE /* Base in Resources */ = {isa = PBXBuildFile; fileRef = 4C9609C62BA7213D00BA3CEE /* Base */; };
		4C9609C92BA7213F00BA3CEE /* Assets.xcassets in Resources */ = {isa = PBXBuildFile; fileRef = 4C9609C82BA7213F00BA3CEE /* Assets.xcassets */; };
		4C9609CC2BA7213F00BA3CEE /* Base in Resources */ = {isa = PBXBuildFile; fileRef = 4C9609CB2BA7213F00BA3CEE /* Base */; };
		4C9609D72BA7213F00BA3CEE /* ProfileCollectionViewTests.swift in Sources */ = {isa = PBXBuildFile; fileRef = 4C9609D62BA7213F00BA3CEE /* ProfileCollectionViewTests.swift */; };
		4C9609E12BA7213F00BA3CEE /* ProfileCollectionViewUITests.swift in Sources */ = {isa = PBXBuildFile; fileRef = 4C9609E02BA7213F00BA3CEE /* ProfileCollectionViewUITests.swift */; };
		4C9609E32BA7213F00BA3CEE /* ProfileCollectionViewUITestsLaunchTests.swift in Sources */ = {isa = PBXBuildFile; fileRef = 4C9609E22BA7213F00BA3CEE /* ProfileCollectionViewUITestsLaunchTests.swift */; };
		4C9609F12BA722C000BA3CEE /* ProfileGeneralCollectionViewCell.swift in Sources */ = {isa = PBXBuildFile; fileRef = 4C9609F02BA722C000BA3CEE /* ProfileGeneralCollectionViewCell.swift */; };
		4C9609F32BA7237800BA3CEE /* ProfileSecondHeaderCollectionReusableView.swift in Sources */ = {isa = PBXBuildFile; fileRef = 4C9609F22BA7237800BA3CEE /* ProfileSecondHeaderCollectionReusableView.swift */; };
		4C9609F52BA723AA00BA3CEE /* StretchyHeaderViewReusableView.swift in Sources */ = {isa = PBXBuildFile; fileRef = 4C9609F42BA723AA00BA3CEE /* StretchyHeaderViewReusableView.swift */; };
		4C9609F72BA7249600BA3CEE /* ProfileTabBarCollectionView.swift in Sources */ = {isa = PBXBuildFile; fileRef = 4C9609F62BA7249600BA3CEE /* ProfileTabBarCollectionView.swift */; };
		4C9609F92BA7250F00BA3CEE /* ProfileTabCollectionViewCell.swift in Sources */ = {isa = PBXBuildFile; fileRef = 4C9609F82BA7250F00BA3CEE /* ProfileTabCollectionViewCell.swift */; };
		4C9609FB2BA725A900BA3CEE /* ProfileContentGenericCollectionViewCell.swift in Sources */ = {isa = PBXBuildFile; fileRef = 4C9609FA2BA725A900BA3CEE /* ProfileContentGenericCollectionViewCell.swift */; };
		4C9609FD2BA72A3300BA3CEE /* PhotoCollectionViewCell.swift in Sources */ = {isa = PBXBuildFile; fileRef = 4C9609FC2BA72A3300BA3CEE /* PhotoCollectionViewCell.swift */; };
/* End PBXBuildFile section */

/* Begin PBXContainerItemProxy section */
		4C9609D32BA7213F00BA3CEE /* PBXContainerItemProxy */ = {
			isa = PBXContainerItemProxy;
			containerPortal = 4C9609B42BA7213D00BA3CEE /* Project object */;
			proxyType = 1;
			remoteGlobalIDString = 4C9609BB2BA7213D00BA3CEE;
			remoteInfo = ProfileCollectionView;
		};
		4C9609DD2BA7213F00BA3CEE /* PBXContainerItemProxy */ = {
			isa = PBXContainerItemProxy;
			containerPortal = 4C9609B42BA7213D00BA3CEE /* Project object */;
			proxyType = 1;
			remoteGlobalIDString = 4C9609BB2BA7213D00BA3CEE;
			remoteInfo = ProfileCollectionView;
		};
/* End PBXContainerItemProxy section */

/* Begin PBXFileReference section */
		4C9609BC2BA7213D00BA3CEE /* ProfileCollectionView.app */ = {isa = PBXFileReference; explicitFileType = wrapper.application; includeInIndex = 0; path = ProfileCollectionView.app; sourceTree = BUILT_PRODUCTS_DIR; };
		4C9609BF2BA7213D00BA3CEE /* AppDelegate.swift */ = {isa = PBXFileReference; lastKnownFileType = sourcecode.swift; path = AppDelegate.swift; sourceTree = "<group>"; };
		4C9609C12BA7213D00BA3CEE /* SceneDelegate.swift */ = {isa = PBXFileReference; lastKnownFileType = sourcecode.swift; path = SceneDelegate.swift; sourceTree = "<group>"; };
		4C9609C32BA7213D00BA3CEE /* ProfileViewController.swift */ = {isa = PBXFileReference; lastKnownFileType = sourcecode.swift; path = ProfileViewController.swift; sourceTree = "<group>"; };
		4C9609C62BA7213D00BA3CEE /* Base */ = {isa = PBXFileReference; lastKnownFileType = file.storyboard; name = Base; path = Base.lproj/Main.storyboard; sourceTree = "<group>"; };
		4C9609C82BA7213F00BA3CEE /* Assets.xcassets */ = {isa = PBXFileReference; lastKnownFileType = folder.assetcatalog; path = Assets.xcassets; sourceTree = "<group>"; };
		4C9609CB2BA7213F00BA3CEE /* Base */ = {isa = PBXFileReference; lastKnownFileType = file.storyboard; name = Base; path = Base.lproj/LaunchScreen.storyboard; sourceTree = "<group>"; };
		4C9609CD2BA7213F00BA3CEE /* Info.plist */ = {isa = PBXFileReference; lastKnownFileType = text.plist.xml; path = Info.plist; sourceTree = "<group>"; };
		4C9609D22BA7213F00BA3CEE /* ProfileCollectionViewTests.xctest */ = {isa = PBXFileReference; explicitFileType = wrapper.cfbundle; includeInIndex = 0; path = ProfileCollectionViewTests.xctest; sourceTree = BUILT_PRODUCTS_DIR; };
		4C9609D62BA7213F00BA3CEE /* ProfileCollectionViewTests.swift */ = {isa = PBXFileReference; lastKnownFileType = sourcecode.swift; path = ProfileCollectionViewTests.swift; sourceTree = "<group>"; };
		4C9609DC2BA7213F00BA3CEE /* ProfileCollectionViewUITests.xctest */ = {isa = PBXFileReference; explicitFileType = wrapper.cfbundle; includeInIndex = 0; path = ProfileCollectionViewUITests.xctest; sourceTree = BUILT_PRODUCTS_DIR; };
		4C9609E02BA7213F00BA3CEE /* ProfileCollectionViewUITests.swift */ = {isa = PBXFileReference; lastKnownFileType = sourcecode.swift; path = ProfileCollectionViewUITests.swift; sourceTree = "<group>"; };
		4C9609E22BA7213F00BA3CEE /* ProfileCollectionViewUITestsLaunchTests.swift */ = {isa = PBXFileReference; lastKnownFileType = sourcecode.swift; path = ProfileCollectionViewUITestsLaunchTests.swift; sourceTree = "<group>"; };
		4C9609F02BA722C000BA3CEE /* ProfileGeneralCollectionViewCell.swift */ = {isa = PBXFileReference; lastKnownFileType = sourcecode.swift; path = ProfileGeneralCollectionViewCell.swift; sourceTree = "<group>"; };
		4C9609F22BA7237800BA3CEE /* ProfileSecondHeaderCollectionReusableView.swift */ = {isa = PBXFileReference; lastKnownFileType = sourcecode.swift; path = ProfileSecondHeaderCollectionReusableView.swift; sourceTree = "<group>"; };
		4C9609F42BA723AA00BA3CEE /* StretchyHeaderViewReusableView.swift */ = {isa = PBXFileReference; lastKnownFileType = sourcecode.swift; path = StretchyHeaderViewReusableView.swift; sourceTree = "<group>"; };
		4C9609F62BA7249600BA3CEE /* ProfileTabBarCollectionView.swift */ = {isa = PBXFileReference; lastKnownFileType = sourcecode.swift; path = ProfileTabBarCollectionView.swift; sourceTree = "<group>"; };
		4C9609F82BA7250F00BA3CEE /* ProfileTabCollectionViewCell.swift */ = {isa = PBXFileReference; lastKnownFileType = sourcecode.swift; path = ProfileTabCollectionViewCell.swift; sourceTree = "<group>"; };
		4C9609FA2BA725A900BA3CEE /* ProfileContentGenericCollectionViewCell.swift */ = {isa = PBXFileReference; lastKnownFileType = sourcecode.swift; path = ProfileContentGenericCollectionViewCell.swift; sourceTree = "<group>"; };
		4C9609FC2BA72A3300BA3CEE /* PhotoCollectionViewCell.swift */ = {isa = PBXFileReference; lastKnownFileType = sourcecode.swift; path = PhotoCollectionViewCell.swift; sourceTree = "<group>"; };
/* End PBXFileReference section */

/* Begin PBXFrameworksBuildPhase section */
		4C9609B92BA7213D00BA3CEE /* Frameworks */ = {
			isa = PBXFrameworksBuildPhase;
			buildActionMask = 2147483647;
			files = (
			);
			runOnlyForDeploymentPostprocessing = 0;
		};
		4C9609CF2BA7213F00BA3CEE /* Frameworks */ = {
			isa = PBXFrameworksBuildPhase;
			buildActionMask = 2147483647;
			files = (
			);
			runOnlyForDeploymentPostprocessing = 0;
		};
		4C9609D92BA7213F00BA3CEE /* Frameworks */ = {
			isa = PBXFrameworksBuildPhase;
			buildActionMask = 2147483647;
			files = (
			);
			runOnlyForDeploymentPostprocessing = 0;
		};
/* End PBXFrameworksBuildPhase section */

/* Begin PBXGroup section */
		4C9609B32BA7213D00BA3CEE = {
			isa = PBXGroup;
			children = (
				4C9609BE2BA7213D00BA3CEE /* ProfileCollectionView */,
				4C9609D52BA7213F00BA3CEE /* ProfileCollectionViewTests */,
				4C9609DF2BA7213F00BA3CEE /* ProfileCollectionViewUITests */,
				4C9609BD2BA7213D00BA3CEE /* Products */,
			);
			sourceTree = "<group>";
		};
		4C9609BD2BA7213D00BA3CEE /* Products */ = {
			isa = PBXGroup;
			children = (
				4C9609BC2BA7213D00BA3CEE /* ProfileCollectionView.app */,
				4C9609D22BA7213F00BA3CEE /* ProfileCollectionViewTests.xctest */,
				4C9609DC2BA7213F00BA3CEE /* ProfileCollectionViewUITests.xctest */,
			);
			name = Products;
			sourceTree = "<group>";
		};
		4C9609BE2BA7213D00BA3CEE /* ProfileCollectionView */ = {
			isa = PBXGroup;
			children = (
				4C9609BF2BA7213D00BA3CEE /* AppDelegate.swift */,
				4C9609C12BA7213D00BA3CEE /* SceneDelegate.swift */,
				4C9609C32BA7213D00BA3CEE /* ProfileViewController.swift */,
				4C9609EF2BA7227F00BA3CEE /* Views */,
				4C9609C52BA7213D00BA3CEE /* Main.storyboard */,
				4C9609C82BA7213F00BA3CEE /* Assets.xcassets */,
				4C9609CA2BA7213F00BA3CEE /* LaunchScreen.storyboard */,
				4C9609CD2BA7213F00BA3CEE /* Info.plist */,
				4C9609F62BA7249600BA3CEE /* ProfileTabBarCollectionView.swift */,
			);
			path = ProfileCollectionView;
			sourceTree = "<group>";
		};
		4C9609D52BA7213F00BA3CEE /* ProfileCollectionViewTests */ = {
			isa = PBXGroup;
			children = (
				4C9609D62BA7213F00BA3CEE /* ProfileCollectionViewTests.swift */,
			);
			path = ProfileCollectionViewTests;
			sourceTree = "<group>";
		};
		4C9609DF2BA7213F00BA3CEE /* ProfileCollectionViewUITests */ = {
			isa = PBXGroup;
			children = (
				4C9609E02BA7213F00BA3CEE /* ProfileCollectionViewUITests.swift */,
				4C9609E22BA7213F00BA3CEE /* ProfileCollectionViewUITestsLaunchTests.swift */,
			);
			path = ProfileCollectionViewUITests;
			sourceTree = "<group>";
		};
		4C9609EF2BA7227F00BA3CEE /* Views */ = {
			isa = PBXGroup;
			children = (
				4C9609F02BA722C000BA3CEE /* ProfileGeneralCollectionViewCell.swift */,
				4C9609F22BA7237800BA3CEE /* ProfileSecondHeaderCollectionReusableView.swift */,
				4C9609F42BA723AA00BA3CEE /* StretchyHeaderViewReusableView.swift */,
				4C9609F82BA7250F00BA3CEE /* ProfileTabCollectionViewCell.swift */,
				4C9609FA2BA725A900BA3CEE /* ProfileContentGenericCollectionViewCell.swift */,
				4C9609FC2BA72A3300BA3CEE /* PhotoCollectionViewCell.swift */,
			);
			path = Views;
			sourceTree = "<group>";
		};
/* End PBXGroup section */

/* Begin PBXNativeTarget section */
		4C9609BB2BA7213D00BA3CEE /* ProfileCollectionView */ = {
			isa = PBXNativeTarget;
			buildConfigurationList = 4C9609E62BA7213F00BA3CEE /* Build configuration list for PBXNativeTarget "ProfileCollectionView" */;
			buildPhases = (
				4C9609B82BA7213D00BA3CEE /* Sources */,
				4C9609B92BA7213D00BA3CEE /* Frameworks */,
				4C9609BA2BA7213D00BA3CEE /* Resources */,
			);
			buildRules = (
			);
			dependencies = (
			);
			name = ProfileCollectionView;
			productName = ProfileCollectionView;
			productReference = 4C9609BC2BA7213D00BA3CEE /* ProfileCollectionView.app */;
			productType = "com.apple.product-type.application";
		};
		4C9609D12BA7213F00BA3CEE /* ProfileCollectionViewTests */ = {
			isa = PBXNativeTarget;
			buildConfigurationList = 4C9609E92BA7213F00BA3CEE /* Build configuration list for PBXNativeTarget "ProfileCollectionViewTests" */;
			buildPhases = (
				4C9609CE2BA7213F00BA3CEE /* Sources */,
				4C9609CF2BA7213F00BA3CEE /* Frameworks */,
				4C9609D02BA7213F00BA3CEE /* Resources */,
			);
			buildRules = (
			);
			dependencies = (
				4C9609D42BA7213F00BA3CEE /* PBXTargetDependency */,
			);
			name = ProfileCollectionViewTests;
			productName = ProfileCollectionViewTests;
			productReference = 4C9609D22BA7213F00BA3CEE /* ProfileCollectionViewTests.xctest */;
			productType = "com.apple.product-type.bundle.unit-test";
		};
		4C9609DB2BA7213F00BA3CEE /* ProfileCollectionViewUITests */ = {
			isa = PBXNativeTarget;
			buildConfigurationList = 4C9609EC2BA7213F00BA3CEE /* Build configuration list for PBXNativeTarget "ProfileCollectionViewUITests" */;
			buildPhases = (
				4C9609D82BA7213F00BA3CEE /* Sources */,
				4C9609D92BA7213F00BA3CEE /* Frameworks */,
				4C9609DA2BA7213F00BA3CEE /* Resources */,
			);
			buildRules = (
			);
			dependencies = (
				4C9609DE2BA7213F00BA3CEE /* PBXTargetDependency */,
			);
			name = ProfileCollectionViewUITests;
			productName = ProfileCollectionViewUITests;
			productReference = 4C9609DC2BA7213F00BA3CEE /* ProfileCollectionViewUITests.xctest */;
			productType = "com.apple.product-type.bundle.ui-testing";
		};
/* End PBXNativeTarget section */

/* Begin PBXProject section */
		4C9609B42BA7213D00BA3CEE /* Project object */ = {
			isa = PBXProject;
			attributes = {
				BuildIndependentTargetsInParallel = 1;
				LastSwiftUpdateCheck = 1530;
				LastUpgradeCheck = 1530;
				TargetAttributes = {
					4C9609BB2BA7213D00BA3CEE = {
						CreatedOnToolsVersion = 15.3;
					};
					4C9609D12BA7213F00BA3CEE = {
						CreatedOnToolsVersion = 15.3;
						TestTargetID = 4C9609BB2BA7213D00BA3CEE;
					};
					4C9609DB2BA7213F00BA3CEE = {
						CreatedOnToolsVersion = 15.3;
						TestTargetID = 4C9609BB2BA7213D00BA3CEE;
					};
				};
			};
			buildConfigurationList = 4C9609B72BA7213D00BA3CEE /* Build configuration list for PBXProject "ProfileCollectionView" */;
			compatibilityVersion = "Xcode 14.0";
			developmentRegion = en;
			hasScannedForEncodings = 0;
			knownRegions = (
				en,
				Base,
			);
			mainGroup = 4C9609B32BA7213D00BA3CEE;
			productRefGroup = 4C9609BD2BA7213D00BA3CEE /* Products */;
			projectDirPath = "";
			projectRoot = "";
			targets = (
				4C9609BB2BA7213D00BA3CEE /* ProfileCollectionView */,
				4C9609D12BA7213F00BA3CEE /* ProfileCollectionViewTests */,
				4C9609DB2BA7213F00BA3CEE /* ProfileCollectionViewUITests */,
			);
		};
/* End PBXProject section */

/* Begin PBXResourcesBuildPhase section */
		4C9609BA2BA7213D00BA3CEE /* Resources */ = {
			isa = PBXResourcesBuildPhase;
			buildActionMask = 2147483647;
			files = (
				4C9609C92BA7213F00BA3CEE /* Assets.xcassets in Resources */,
				4C9609CC2BA7213F00BA3CEE /* Base in Resources */,
				4C9609C72BA7213D00BA3CEE /* Base in Resources */,
			);
			runOnlyForDeploymentPostprocessing = 0;
		};
		4C9609D02BA7213F00BA3CEE /* Resources */ = {
			isa = PBXResourcesBuildPhase;
			buildActionMask = 2147483647;
			files = (
			);
			runOnlyForDeploymentPostprocessing = 0;
		};
		4C9609DA2BA7213F00BA3CEE /* Resources */ = {
			isa = PBXResourcesBuildPhase;
			buildActionMask = 2147483647;
			files = (
			);
			runOnlyForDeploymentPostprocessing = 0;
		};
/* End PBXResourcesBuildPhase section */

/* Begin PBXSourcesBuildPhase section */
		4C9609B82BA7213D00BA3CEE /* Sources */ = {
			isa = PBXSourcesBuildPhase;
			buildActionMask = 2147483647;
			files = (
				4C9609C42BA7213D00BA3CEE /* ProfileViewController.swift in Sources */,
				4C9609FD2BA72A3300BA3CEE /* PhotoCollectionViewCell.swift in Sources */,
				4C9609C02BA7213D00BA3CEE /* AppDelegate.swift in Sources */,
				4C9609C22BA7213D00BA3CEE /* SceneDelegate.swift in Sources */,
				4C9609F72BA7249600BA3CEE /* ProfileTabBarCollectionView.swift in Sources */,
				4C9609F92BA7250F00BA3CEE /* ProfileTabCollectionViewCell.swift in Sources */,
				4C9609F12BA722C000BA3CEE /* ProfileGeneralCollectionViewCell.swift in Sources */,
				4C9609F32BA7237800BA3CEE /* ProfileSecondHeaderCollectionReusableView.swift in Sources */,
				4C9609FB2BA725A900BA3CEE /* ProfileContentGenericCollectionViewCell.swift in Sources */,
				4C9609F52BA723AA00BA3CEE /* StretchyHeaderViewReusableView.swift in Sources */,
			);
			runOnlyForDeploymentPostprocessing = 0;
		};
		4C9609CE2BA7213F00BA3CEE /* Sources */ = {
			isa = PBXSourcesBuildPhase;
			buildActionMask = 2147483647;
			files = (
				4C9609D72BA7213F00BA3CEE /* ProfileCollectionViewTests.swift in Sources */,
			);
			runOnlyForDeploymentPostprocessing = 0;
		};
		4C9609D82BA7213F00BA3CEE /* Sources */ = {
			isa = PBXSourcesBuildPhase;
			buildActionMask = 2147483647;
			files = (
				4C9609E12BA7213F00BA3CEE /* ProfileCollectionViewUITests.swift in Sources */,
				4C9609E32BA7213F00BA3CEE /* ProfileCollectionViewUITestsLaunchTests.swift in Sources */,
			);
			runOnlyForDeploymentPostprocessing = 0;
		};
/* End PBXSourcesBuildPhase section */

/* Begin PBXTargetDependency section */
		4C9609D42BA7213F00BA3CEE /* PBXTargetDependency */ = {
			isa = PBXTargetDependency;
			target = 4C9609BB2BA7213D00BA3CEE /* ProfileCollectionView */;
			targetProxy = 4C9609D32BA7213F00BA3CEE /* PBXContainerItemProxy */;
		};
		4C9609DE2BA7213F00BA3CEE /* PBXTargetDependency */ = {
			isa = PBXTargetDependency;
			target = 4C9609BB2BA7213D00BA3CEE /* ProfileCollectionView */;
			targetProxy = 4C9609DD2BA7213F00BA3CEE /* PBXContainerItemProxy */;
		};
/* End PBXTargetDependency section */

/* Begin PBXVariantGroup section */
		4C9609C52BA7213D00BA3CEE /* Main.storyboard */ = {
			isa = PBXVariantGroup;
			children = (
				4C9609C62BA7213D00BA3CEE /* Base */,
			);
			name = Main.storyboard;
			sourceTree = "<group>";
		};
		4C9609CA2BA7213F00BA3CEE /* LaunchScreen.storyboard */ = {
			isa = PBXVariantGroup;
			children = (
				4C9609CB2BA7213F00BA3CEE /* Base */,
			);
			name = LaunchScreen.storyboard;
			sourceTree = "<group>";
		};
/* End PBXVariantGroup section */

/* Begin XCBuildConfiguration section */
		4C9609E42BA7213F00BA3CEE /* Debug */ = {
			isa = XCBuildConfiguration;
			buildSettings = {
				ALWAYS_SEARCH_USER_PATHS = NO;
				ASSETCATALOG_COMPILER_GENERATE_SWIFT_ASSET_SYMBOL_EXTENSIONS = YES;
				CLANG_ANALYZER_NONNULL = YES;
				CLANG_ANALYZER_NUMBER_OBJECT_CONVERSION = YES_AGGRESSIVE;
				CLANG_CXX_LANGUAGE_STANDARD = "gnu++20";
				CLANG_ENABLE_MODULES = YES;
				CLANG_ENABLE_OBJC_ARC = YES;
				CLANG_ENABLE_OBJC_WEAK = YES;
				CLANG_WARN_BLOCK_CAPTURE_AUTORELEASING = YES;
				CLANG_WARN_BOOL_CONVERSION = YES;
				CLANG_WARN_COMMA = YES;
				CLANG_WARN_CONSTANT_CONVERSION = YES;
				CLANG_WARN_DEPRECATED_OBJC_IMPLEMENTATIONS = YES;
				CLANG_WARN_DIRECT_OBJC_ISA_USAGE = YES_ERROR;
				CLANG_WARN_DOCUMENTATION_COMMENTS = YES;
				CLANG_WARN_EMPTY_BODY = YES;
				CLANG_WARN_ENUM_CONVERSION = YES;
				CLANG_WARN_INFINITE_RECURSION = YES;
				CLANG_WARN_INT_CONVERSION = YES;
				CLANG_WARN_NON_LITERAL_NULL_CONVERSION = YES;
				CLANG_WARN_OBJC_IMPLICIT_RETAIN_SELF = YES;
				CLANG_WARN_OBJC_LITERAL_CONVERSION = YES;
				CLANG_WARN_OBJC_ROOT_CLASS = YES_ERROR;
				CLANG_WARN_QUOTED_INCLUDE_IN_FRAMEWORK_HEADER = YES;
				CLANG_WARN_RANGE_LOOP_ANALYSIS = YES;
				CLANG_WARN_STRICT_PROTOTYPES = YES;
				CLANG_WARN_SUSPICIOUS_MOVE = YES;
				CLANG_WARN_UNGUARDED_AVAILABILITY = YES_AGGRESSIVE;
				CLANG_WARN_UNREACHABLE_CODE = YES;
				CLANG_WARN__DUPLICATE_METHOD_MATCH = YES;
				COPY_PHASE_STRIP = NO;
				DEBUG_INFORMATION_FORMAT = dwarf;
				ENABLE_STRICT_OBJC_MSGSEND = YES;
				ENABLE_TESTABILITY = YES;
				ENABLE_USER_SCRIPT_SANDBOXING = YES;
				GCC_C_LANGUAGE_STANDARD = gnu17;
				GCC_DYNAMIC_NO_PIC = NO;
				GCC_NO_COMMON_BLOCKS = YES;
				GCC_OPTIMIZATION_LEVEL = 0;
				GCC_PREPROCESSOR_DEFINITIONS = (
					"DEBUG=1",
					"$(inherited)",
				);
				GCC_WARN_64_TO_32_BIT_CONVERSION = YES;
				GCC_WARN_ABOUT_RETURN_TYPE = YES_ERROR;
				GCC_WARN_UNDECLARED_SELECTOR = YES;
				GCC_WARN_UNINITIALIZED_AUTOS = YES_AGGRESSIVE;
				GCC_WARN_UNUSED_FUNCTION = YES;
				GCC_WARN_UNUSED_VARIABLE = YES;
				IPHONEOS_DEPLOYMENT_TARGET = 17.4;
				LOCALIZATION_PREFERS_STRING_CATALOGS = YES;
				MTL_ENABLE_DEBUG_INFO = INCLUDE_SOURCE;
				MTL_FAST_MATH = YES;
				ONLY_ACTIVE_ARCH = YES;
				SDKROOT = iphoneos;
				SWIFT_ACTIVE_COMPILATION_CONDITIONS = "DEBUG $(inherited)";
				SWIFT_OPTIMIZATION_LEVEL = "-Onone";
			};
			name = Debug;
		};
		4C9609E52BA7213F00BA3CEE /* Release */ = {
			isa = XCBuildConfiguration;
			buildSettings = {
				ALWAYS_SEARCH_USER_PATHS = NO;
				ASSETCATALOG_COMPILER_GENERATE_SWIFT_ASSET_SYMBOL_EXTENSIONS = YES;
				CLANG_ANALYZER_NONNULL = YES;
				CLANG_ANALYZER_NUMBER_OBJECT_CONVERSION = YES_AGGRESSIVE;
				CLANG_CXX_LANGUAGE_STANDARD = "gnu++20";
				CLANG_ENABLE_MODULES = YES;
				CLANG_ENABLE_OBJC_ARC = YES;
				CLANG_ENABLE_OBJC_WEAK = YES;
				CLANG_WARN_BLOCK_CAPTURE_AUTORELEASING = YES;
				CLANG_WARN_BOOL_CONVERSION = YES;
				CLANG_WARN_COMMA = YES;
				CLANG_WARN_CONSTANT_CONVERSION = YES;
				CLANG_WARN_DEPRECATED_OBJC_IMPLEMENTATIONS = YES;
				CLANG_WARN_DIRECT_OBJC_ISA_USAGE = YES_ERROR;
				CLANG_WARN_DOCUMENTATION_COMMENTS = YES;
				CLANG_WARN_EMPTY_BODY = YES;
				CLANG_WARN_ENUM_CONVERSION = YES;
				CLANG_WARN_INFINITE_RECURSION = YES;
				CLANG_WARN_INT_CONVERSION = YES;
				CLANG_WARN_NON_LITERAL_NULL_CONVERSION = YES;
				CLANG_WARN_OBJC_IMPLICIT_RETAIN_SELF = YES;
				CLANG_WARN_OBJC_LITERAL_CONVERSION = YES;
				CLANG_WARN_OBJC_ROOT_CLASS = YES_ERROR;
				CLANG_WARN_QUOTED_INCLUDE_IN_FRAMEWORK_HEADER = YES;
				CLANG_WARN_RANGE_LOOP_ANALYSIS = YES;
				CLANG_WARN_STRICT_PROTOTYPES = YES;
				CLANG_WARN_SUSPICIOUS_MOVE = YES;
				CLANG_WARN_UNGUARDED_AVAILABILITY = YES_AGGRESSIVE;
				CLANG_WARN_UNREACHABLE_CODE = YES;
				CLANG_WARN__DUPLICATE_METHOD_MATCH = YES;
				COPY_PHASE_STRIP = NO;
				DEBUG_INFORMATION_FORMAT = "dwarf-with-dsym";
				ENABLE_NS_ASSERTIONS = NO;
				ENABLE_STRICT_OBJC_MSGSEND = YES;
				ENABLE_USER_SCRIPT_SANDBOXING = YES;
				GCC_C_LANGUAGE_STANDARD = gnu17;
				GCC_NO_COMMON_BLOCKS = YES;
				GCC_WARN_64_TO_32_BIT_CONVERSION = YES;
				GCC_WARN_ABOUT_RETURN_TYPE = YES_ERROR;
				GCC_WARN_UNDECLARED_SELECTOR = YES;
				GCC_WARN_UNINITIALIZED_AUTOS = YES_AGGRESSIVE;
				GCC_WARN_UNUSED_FUNCTION = YES;
				GCC_WARN_UNUSED_VARIABLE = YES;
				IPHONEOS_DEPLOYMENT_TARGET = 17.4;
				LOCALIZATION_PREFERS_STRING_CATALOGS = YES;
				MTL_ENABLE_DEBUG_INFO = NO;
				MTL_FAST_MATH = YES;
				SDKROOT = iphoneos;
				SWIFT_COMPILATION_MODE = wholemodule;
				VALIDATE_PRODUCT = YES;
			};
			name = Release;
		};
		4C9609E72BA7213F00BA3CEE /* Debug */ = {
			isa = XCBuildConfiguration;
			buildSettings = {
				ASSETCATALOG_COMPILER_APPICON_NAME = AppIcon;
				ASSETCATALOG_COMPILER_GLOBAL_ACCENT_COLOR_NAME = AccentColor;
				CODE_SIGN_STYLE = Automatic;
				CURRENT_PROJECT_VERSION = 1;
				DEVELOPMENT_TEAM = 84SB5QF8F3;
				GENERATE_INFOPLIST_FILE = YES;
				INFOPLIST_FILE = ProfileCollectionView/Info.plist;
				INFOPLIST_KEY_UIApplicationSupportsIndirectInputEvents = YES;
				INFOPLIST_KEY_UILaunchStoryboardName = LaunchScreen;
				INFOPLIST_KEY_UIMainStoryboardFile = Main;
				INFOPLIST_KEY_UISupportedInterfaceOrientations_iPad = "UIInterfaceOrientationPortrait UIInterfaceOrientationPortraitUpsideDown UIInterfaceOrientationLandscapeLeft UIInterfaceOrientationLandscapeRight";
				INFOPLIST_KEY_UISupportedInterfaceOrientations_iPhone = "UIInterfaceOrientationPortrait UIInterfaceOrientationLandscapeLeft UIInterfaceOrientationLandscapeRight";
				LD_RUNPATH_SEARCH_PATHS = (
					"$(inherited)",
					"@executable_path/Frameworks",
				);
				MARKETING_VERSION = 1.0;
				PRODUCT_BUNDLE_IDENTIFIER = Test.ProfileCollectionView;
				PRODUCT_NAME = "$(TARGET_NAME)";
				SWIFT_EMIT_LOC_STRINGS = YES;
				SWIFT_VERSION = 5.0;
				TARGETED_DEVICE_FAMILY = "1,2";
			};
			name = Debug;
		};
		4C9609E82BA7213F00BA3CEE /* Release */ = {
			isa = XCBuildConfiguration;
			buildSettings = {
				ASSETCATALOG_COMPILER_APPICON_NAME = AppIcon;
				ASSETCATALOG_COMPILER_GLOBAL_ACCENT_COLOR_NAME = AccentColor;
				CODE_SIGN_STYLE = Automatic;
				CURRENT_PROJECT_VERSION = 1;
				DEVELOPMENT_TEAM = 84SB5QF8F3;
				GENERATE_INFOPLIST_FILE = YES;
				INFOPLIST_FILE = ProfileCollectionView/Info.plist;
				INFOPLIST_KEY_UIApplicationSupportsIndirectInputEvents = YES;
				INFOPLIST_KEY_UILaunchStoryboardName = LaunchScreen;
				INFOPLIST_KEY_UIMainStoryboardFile = Main;
				INFOPLIST_KEY_UISupportedInterfaceOrientations_iPad = "UIInterfaceOrientationPortrait UIInterfaceOrientationPortraitUpsideDown UIInterfaceOrientationLandscapeLeft UIInterfaceOrientationLandscapeRight";
				INFOPLIST_KEY_UISupportedInterfaceOrientations_iPhone = "UIInterfaceOrientationPortrait UIInterfaceOrientationLandscapeLeft UIInterfaceOrientationLandscapeRight";
				LD_RUNPATH_SEARCH_PATHS = (
					"$(inherited)",
					"@executable_path/Frameworks",
				);
				MARKETING_VERSION = 1.0;
				PRODUCT_BUNDLE_IDENTIFIER = Test.ProfileCollectionView;
				PRODUCT_NAME = "$(TARGET_NAME)";
				SWIFT_EMIT_LOC_STRINGS = YES;
				SWIFT_VERSION = 5.0;
				TARGETED_DEVICE_FAMILY = "1,2";
			};
			name = Release;
		};
		4C9609EA2BA7213F00BA3CEE /* Debug */ = {
			isa = XCBuildConfiguration;
			buildSettings = {
				ALWAYS_EMBED_SWIFT_STANDARD_LIBRARIES = YES;
				BUNDLE_LOADER = "$(TEST_HOST)";
				CODE_SIGN_STYLE = Automatic;
				CURRENT_PROJECT_VERSION = 1;
				DEVELOPMENT_TEAM = 84SB5QF8F3;
				GENERATE_INFOPLIST_FILE = YES;
				IPHONEOS_DEPLOYMENT_TARGET = 17.4;
				MARKETING_VERSION = 1.0;
				PRODUCT_BUNDLE_IDENTIFIER = Test.ProfileCollectionViewTests;
				PRODUCT_NAME = "$(TARGET_NAME)";
				SWIFT_EMIT_LOC_STRINGS = NO;
				SWIFT_VERSION = 5.0;
				TARGETED_DEVICE_FAMILY = "1,2";
				TEST_HOST = "$(BUILT_PRODUCTS_DIR)/ProfileCollectionView.app/$(BUNDLE_EXECUTABLE_FOLDER_PATH)/ProfileCollectionView";
			};
			name = Debug;
		};
		4C9609EB2BA7213F00BA3CEE /* Release */ = {
			isa = XCBuildConfiguration;
			buildSettings = {
				ALWAYS_EMBED_SWIFT_STANDARD_LIBRARIES = YES;
				BUNDLE_LOADER = "$(TEST_HOST)";
				CODE_SIGN_STYLE = Automatic;
				CURRENT_PROJECT_VERSION = 1;
				DEVELOPMENT_TEAM = 84SB5QF8F3;
				GENERATE_INFOPLIST_FILE = YES;
				IPHONEOS_DEPLOYMENT_TARGET = 17.4;
				MARKETING_VERSION = 1.0;
				PRODUCT_BUNDLE_IDENTIFIER = Test.ProfileCollectionViewTests;
				PRODUCT_NAME = "$(TARGET_NAME)";
				SWIFT_EMIT_LOC_STRINGS = NO;
				SWIFT_VERSION = 5.0;
				TARGETED_DEVICE_FAMILY = "1,2";
				TEST_HOST = "$(BUILT_PRODUCTS_DIR)/ProfileCollectionView.app/$(BUNDLE_EXECUTABLE_FOLDER_PATH)/ProfileCollectionView";
			};
			name = Release;
		};
		4C9609ED2BA7213F00BA3CEE /* Debug */ = {
			isa = XCBuildConfiguration;
			buildSettings = {
				ALWAYS_EMBED_SWIFT_STANDARD_LIBRARIES = YES;
				CODE_SIGN_STYLE = Automatic;
				CURRENT_PROJECT_VERSION = 1;
				DEVELOPMENT_TEAM = 84SB5QF8F3;
				GENERATE_INFOPLIST_FILE = YES;
				MARKETING_VERSION = 1.0;
				PRODUCT_BUNDLE_IDENTIFIER = Test.ProfileCollectionViewUITests;
				PRODUCT_NAME = "$(TARGET_NAME)";
				SWIFT_EMIT_LOC_STRINGS = NO;
				SWIFT_VERSION = 5.0;
				TARGETED_DEVICE_FAMILY = "1,2";
				TEST_TARGET_NAME = ProfileCollectionView;
			};
			name = Debug;
		};
		4C9609EE2BA7213F00BA3CEE /* Release */ = {
			isa = XCBuildConfiguration;
			buildSettings = {
				ALWAYS_EMBED_SWIFT_STANDARD_LIBRARIES = YES;
				CODE_SIGN_STYLE = Automatic;
				CURRENT_PROJECT_VERSION = 1;
				DEVELOPMENT_TEAM = 84SB5QF8F3;
				GENERATE_INFOPLIST_FILE = YES;
				MARKETING_VERSION = 1.0;
				PRODUCT_BUNDLE_IDENTIFIER = Test.ProfileCollectionViewUITests;
				PRODUCT_NAME = "$(TARGET_NAME)";
				SWIFT_EMIT_LOC_STRINGS = NO;
				SWIFT_VERSION = 5.0;
				TARGETED_DEVICE_FAMILY = "1,2";
				TEST_TARGET_NAME = ProfileCollectionView;
			};
			name = Release;
		};
/* End XCBuildConfiguration section */

/* Begin XCConfigurationList section */
		4C9609B72BA7213D00BA3CEE /* Build configuration list for PBXProject "ProfileCollectionView" */ = {
			isa = XCConfigurationList;
			buildConfigurations = (
				4C9609E42BA7213F00BA3CEE /* Debug */,
				4C9609E52BA7213F00BA3CEE /* Release */,
			);
			defaultConfigurationIsVisible = 0;
			defaultConfigurationName = Release;
		};
		4C9609E62BA7213F00BA3CEE /* Build configuration list for PBXNativeTarget "ProfileCollectionView" */ = {
			isa = XCConfigurationList;
			buildConfigurations = (
				4C9609E72BA7213F00BA3CEE /* Debug */,
				4C9609E82BA7213F00BA3CEE /* Release */,
			);
			defaultConfigurationIsVisible = 0;
			defaultConfigurationName = Release;
		};
		4C9609E92BA7213F00BA3CEE /* Build configuration list for PBXNativeTarget "ProfileCollectionViewTests" */ = {
			isa = XCConfigurationList;
			buildConfigurations = (
				4C9609EA2BA7213F00BA3CEE /* Debug */,
				4C9609EB2BA7213F00BA3CEE /* Release */,
			);
			defaultConfigurationIsVisible = 0;
			defaultConfigurationName = Release;
		};
		4C9609EC2BA7213F00BA3CEE /* Build configuration list for PBXNativeTarget "ProfileCollectionViewUITests" */ = {
			isa = XCConfigurationList;
			buildConfigurations = (
				4C9609ED2BA7213F00BA3CEE /* Debug */,
				4C9609EE2BA7213F00BA3CEE /* Release */,
			);
			defaultConfigurationIsVisible = 0;
			defaultConfigurationName = Release;
		};
/* End XCConfigurationList section */
	};
	rootObject = 4C9609B42BA7213D00BA3CEE /* Project object */;
}
